
Microsoft Visual Studio Solution File, Format Version 12.00
# Visual Studio Version 17
VisualStudioVersion = 17.5.33516.290
MinimumVisualStudioVersion = 10.0.40219.1
Project("{FAE04EC0-301F-11D3-BF4B-00C04F79EFBC}") = "ASP 201", "ASP 201\ASP 201.csproj", "{84966D05-88ED-4571-9894-6226C1505B19}"
EndProject
Global
	GlobalSection(SolutionConfigurationPlatforms) = preSolution
		Debug|Any CPU = Debug|Any CPU
		Release|Any CPU = Release|Any CPU
	EndGlobalSection
	GlobalSection(ProjectConfigurationPlatforms) = postSolution
		{84966D05-88ED-4571-9894-6226C1505B19}.Debug|Any CPU.ActiveCfg = Debug|Any CPU
		{84966D05-88ED-4571-9894-6226C1505B19}.Debug|Any CPU.Build.0 = Debug|Any CPU
		{84966D05-88ED-4571-9894-6226C1505B19}.Release|Any CPU.ActiveCfg = Release|Any CPU
		{84966D05-88ED-4571-9894-6226C1505B19}.Release|Any CPU.Build.0 = Release|Any CPU
	EndGlobalSection
	GlobalSection(SolutionProperties) = preSolution
		HideSolutionNode = FALSE
	EndGlobalSection
	GlobalSection(ExtensibilityGlobals) = postSolution
		SolutionGuid = {3C02B56A-F54D-4265-B70C-33513914C2E2}
	EndGlobalSection
EndGlobal
